
Microsoft Visual Studio Solution File, Format Version 12.00
# Visual Studio 15
VisualStudioVersion = 15.0.26403.0
MinimumVisualStudioVersion = 10.0.40219.1
Project("{F2A71F9B-5D33-465A-A702-920D77279786}") = "MergePartition", "src\MergePartition\MergePartition.fsproj", "{1FDF5253-D581-4443-9C68-92269D9F739D}"
EndProject
Project("{2150E333-8FDC-42A3-9474-1A3956D46DE8}") = ".paket", ".paket", "{D2BCCBD9-D68A-4B16-A791-3C76BB71D6A5}"
	ProjectSection(SolutionItems) = preProject
		paket.dependencies = paket.dependencies
		paket.lock = paket.lock
	EndProjectSection
EndProject
Project("{F2A71F9B-5D33-465A-A702-920D77279786}") = "ExcelBuilder", "src\ExcelBuilder\ExcelBuilder.fsproj", "{26DC9244-4A2C-40E5-8C35-3E8E18CF3843}"
EndProject
Project("{F2A71F9B-5D33-465A-A702-920D77279786}") = "Adder", "src\HalfAdder\HalfAdder.fsproj", "{C4ADD3E7-0E49-4EDA-8B7E-C1A82F072B5E}"
EndProject
Global
	GlobalSection(SolutionConfigurationPlatforms) = preSolution
		Debug|Any CPU = Debug|Any CPU
		Release|Any CPU = Release|Any CPU
	EndGlobalSection
	GlobalSection(ProjectConfigurationPlatforms) = postSolution
		{1FDF5253-D581-4443-9C68-92269D9F739D}.Debug|Any CPU.ActiveCfg = Debug|Any CPU
		{1FDF5253-D581-4443-9C68-92269D9F739D}.Debug|Any CPU.Build.0 = Debug|Any CPU
		{1FDF5253-D581-4443-9C68-92269D9F739D}.Release|Any CPU.ActiveCfg = Release|Any CPU
		{1FDF5253-D581-4443-9C68-92269D9F739D}.Release|Any CPU.Build.0 = Release|Any CPU
		{26DC9244-4A2C-40E5-8C35-3E8E18CF3843}.Debug|Any CPU.ActiveCfg = Debug|Any CPU
		{26DC9244-4A2C-40E5-8C35-3E8E18CF3843}.Debug|Any CPU.Build.0 = Debug|Any CPU
		{26DC9244-4A2C-40E5-8C35-3E8E18CF3843}.Release|Any CPU.ActiveCfg = Release|Any CPU
		{26DC9244-4A2C-40E5-8C35-3E8E18CF3843}.Release|Any CPU.Build.0 = Release|Any CPU
		{C4ADD3E7-0E49-4EDA-8B7E-C1A82F072B5E}.Debug|Any CPU.ActiveCfg = Debug|Any CPU
		{C4ADD3E7-0E49-4EDA-8B7E-C1A82F072B5E}.Debug|Any CPU.Build.0 = Debug|Any CPU
		{C4ADD3E7-0E49-4EDA-8B7E-C1A82F072B5E}.Release|Any CPU.ActiveCfg = Release|Any CPU
		{C4ADD3E7-0E49-4EDA-8B7E-C1A82F072B5E}.Release|Any CPU.Build.0 = Release|Any CPU
	EndGlobalSection
	GlobalSection(SolutionProperties) = preSolution
		HideSolutionNode = FALSE
	EndGlobalSection
EndGlobal
